// !$*UTF8*$!
{
	archiveVersion = 1;
	classes = {
	};
	objectVersion = 56;
	objects = {

/* Begin PBXBuildFile section */
		414DD57E29FD855700DD901A /* WelcomePage.swift in Sources */ = {isa = PBXBuildFile; fileRef = 414DD57D29FD855700DD901A /* WelcomePage.swift */; };
		414DD58029FD898700DD901A /* BotView.swift in Sources */ = {isa = PBXBuildFile; fileRef = 414DD57F29FD898700DD901A /* BotView.swift */; };
		41CCD16829FD19180002C143 /* _048LogicApp.swift in Sources */ = {isa = PBXBuildFile; fileRef = 41CCD16729FD19180002C143 /* _048LogicApp.swift */; };
		41CCD16A29FD19180002C143 /* ContentView.swift in Sources */ = {isa = PBXBuildFile; fileRef = 41CCD16929FD19180002C143 /* ContentView.swift */; };
		41CCD16C29FD19190002C143 /* Assets.xcassets in Resources */ = {isa = PBXBuildFile; fileRef = 41CCD16B29FD19190002C143 /* Assets.xcassets */; };
		41CCD16F29FD19190002C143 /* Preview Assets.xcassets in Resources */ = {isa = PBXBuildFile; fileRef = 41CCD16E29FD19190002C143 /* Preview Assets.xcassets */; };
		41CCD17629FD237C0002C143 /* GameModel.swift in Sources */ = {isa = PBXBuildFile; fileRef = 41CCD17529FD237C0002C143 /* GameModel.swift */; };
		41CCD17A29FD24130002C143 /* BoardView.swift in Sources */ = {isa = PBXBuildFile; fileRef = 41CCD17929FD24130002C143 /* BoardView.swift */; };
		41CCD17C29FD29330002C143 /* CellView.swift in Sources */ = {isa = PBXBuildFile; fileRef = 41CCD17B29FD29330002C143 /* CellView.swift */; };
		41F5AB2129FE245A00D34265 /* Limit.swift in Sources */ = {isa = PBXBuildFile; fileRef = 41F5AB2029FE245A00D34265 /* Limit.swift */; };
		41F5AB2329FE580B00D34265 /* GameOverView.swift in Sources */ = {isa = PBXBuildFile; fileRef = 41F5AB2229FE580B00D34265 /* GameOverView.swift */; };
/* End PBXBuildFile section */

/* Begin PBXFileReference section */
		414DD57D29FD855700DD901A /* WelcomePage.swift */ = {isa = PBXFileReference; lastKnownFileType = sourcecode.swift; path = WelcomePage.swift; sourceTree = "<group>"; };
		414DD57F29FD898700DD901A /* BotView.swift */ = {isa = PBXFileReference; lastKnownFileType = sourcecode.swift; path = BotView.swift; sourceTree = "<group>"; };
		41CCD16429FD19180002C143 /* 2048Logic.app */ = {isa = PBXFileReference; explicitFileType = wrapper.application; includeInIndex = 0; path = 2048Logic.app; sourceTree = BUILT_PRODUCTS_DIR; };
		41CCD16729FD19180002C143 /* _048LogicApp.swift */ = {isa = PBXFileReference; lastKnownFileType = sourcecode.swift; path = _048LogicApp.swift; sourceTree = "<group>"; };
		41CCD16929FD19180002C143 /* ContentView.swift */ = {isa = PBXFileReference; lastKnownFileType = sourcecode.swift; path = ContentView.swift; sourceTree = "<group>"; };
		41CCD16B29FD19190002C143 /* Assets.xcassets */ = {isa = PBXFileReference; lastKnownFileType = folder.assetcatalog; path = Assets.xcassets; sourceTree = "<group>"; };
		41CCD16E29FD19190002C143 /* Preview Assets.xcassets */ = {isa = PBXFileReference; lastKnownFileType = folder.assetcatalog; path = "Preview Assets.xcassets"; sourceTree = "<group>"; };
		41CCD17529FD237C0002C143 /* GameModel.swift */ = {isa = PBXFileReference; lastKnownFileType = sourcecode.swift; path = GameModel.swift; sourceTree = "<group>"; };
		41CCD17929FD24130002C143 /* BoardView.swift */ = {isa = PBXFileReference; lastKnownFileType = sourcecode.swift; path = BoardView.swift; sourceTree = "<group>"; };
		41CCD17B29FD29330002C143 /* CellView.swift */ = {isa = PBXFileReference; lastKnownFileType = sourcecode.swift; path = CellView.swift; sourceTree = "<group>"; };
		41F5AB2029FE245A00D34265 /* Limit.swift */ = {isa = PBXFileReference; lastKnownFileType = sourcecode.swift; path = Limit.swift; sourceTree = "<group>"; };
		41F5AB2229FE580B00D34265 /* GameOverView.swift */ = {isa = PBXFileReference; lastKnownFileType = sourcecode.swift; path = GameOverView.swift; sourceTree = "<group>"; };
/* End PBXFileReference section */

/* Begin PBXFrameworksBuildPhase section */
		41CCD16129FD19180002C143 /* Frameworks */ = {
			isa = PBXFrameworksBuildPhase;
			buildActionMask = 2147483647;
			files = (
			);
			runOnlyForDeploymentPostprocessing = 0;
		};
/* End PBXFrameworksBuildPhase section */

/* Begin PBXGroup section */
		41CCD15B29FD19180002C143 = {
			isa = PBXGroup;
			children = (
				41CCD16629FD19180002C143 /* 2048Logic */,
				41CCD16529FD19180002C143 /* Products */,
			);
			sourceTree = "<group>";
		};
		41CCD16529FD19180002C143 /* Products */ = {
			isa = PBXGroup;
			children = (
				41CCD16429FD19180002C143 /* 2048Logic.app */,
			);
			name = Products;
			sourceTree = "<group>";
		};
		41CCD16629FD19180002C143 /* 2048Logic */ = {
			isa = PBXGroup;
			children = (
				41CCD16729FD19180002C143 /* _048LogicApp.swift */,
				41CCD16929FD19180002C143 /* ContentView.swift */,
				41F5AB2229FE580B00D34265 /* GameOverView.swift */,
				414DD57F29FD898700DD901A /* BotView.swift */,
				41F5AB2029FE245A00D34265 /* Limit.swift */,
				414DD57D29FD855700DD901A /* WelcomePage.swift */,
				41CCD17529FD237C0002C143 /* GameModel.swift */,
				41CCD17B29FD29330002C143 /* CellView.swift */,
				41CCD17929FD24130002C143 /* BoardView.swift */,
				41CCD16B29FD19190002C143 /* Assets.xcassets */,
				41CCD16D29FD19190002C143 /* Preview Content */,
			);
			path = 2048Logic;
			sourceTree = "<group>";
		};
		41CCD16D29FD19190002C143 /* Preview Content */ = {
			isa = PBXGroup;
			children = (
				41CCD16E29FD19190002C143 /* Preview Assets.xcassets */,
			);
			path = "Preview Content";
			sourceTree = "<group>";
		};
/* End PBXGroup section */

/* Begin PBXNativeTarget section */
		41CCD16329FD19180002C143 /* 2048Logic */ = {
			isa = PBXNativeTarget;
			buildConfigurationList = 41CCD17229FD19190002C143 /* Build configuration list for PBXNativeTarget "2048Logic" */;
			buildPhases = (
				41CCD16029FD19180002C143 /* Sources */,
				41CCD16129FD19180002C143 /* Frameworks */,
				41CCD16229FD19180002C143 /* Resources */,
			);
			buildRules = (
			);
			dependencies = (
			);
			name = 2048Logic;
			productName = 2048Logic;
			productReference = 41CCD16429FD19180002C143 /* 2048Logic.app */;
			productType = "com.apple.product-type.application";
		};
/* End PBXNativeTarget section */

/* Begin PBXProject section */
		41CCD15C29FD19180002C143 /* Project object */ = {
			isa = PBXProject;
			attributes = {
				BuildIndependentTargetsInParallel = 1;
				LastSwiftUpdateCheck = 1410;
				LastUpgradeCheck = 1410;
				TargetAttributes = {
					41CCD16329FD19180002C143 = {
						CreatedOnToolsVersion = 14.1;
					};
				};
			};
			buildConfigurationList = 41CCD15F29FD19180002C143 /* Build configuration list for PBXProject "2048Logic" */;
			compatibilityVersion = "Xcode 14.0";
			developmentRegion = en;
			hasScannedForEncodings = 0;
			knownRegions = (
				en,
				Base,
			);
			mainGroup = 41CCD15B29FD19180002C143;
			productRefGroup = 41CCD16529FD19180002C143 /* Products */;
			projectDirPath = "";
			projectRoot = "";
			targets = (
				41CCD16329FD19180002C143 /* 2048Logic */,
			);
		};
/* End PBXProject section */

/* Begin PBXResourcesBuildPhase section */
		41CCD16229FD19180002C143 /* Resources */ = {
			isa = PBXResourcesBuildPhase;
			buildActionMask = 2147483647;
			files = (
				41CCD16F29FD19190002C143 /* Preview Assets.xcassets in Resources */,
				41CCD16C29FD19190002C143 /* Assets.xcassets in Resources */,
			);
			runOnlyForDeploymentPostprocessing = 0;
		};
/* End PBXResourcesBuildPhase section */

/* Begin PBXSourcesBuildPhase section */
		41CCD16029FD19180002C143 /* Sources */ = {
			isa = PBXSourcesBuildPhase;
			buildActionMask = 2147483647;
			files = (
				414DD58029FD898700DD901A /* BotView.swift in Sources */,
				41CCD16A29FD19180002C143 /* ContentView.swift in Sources */,
				41CCD17C29FD29330002C143 /* CellView.swift in Sources */,
				41CCD17A29FD24130002C143 /* BoardView.swift in Sources */,
				414DD57E29FD855700DD901A /* WelcomePage.swift in Sources */,
				41F5AB2129FE245A00D34265 /* Limit.swift in Sources */,
				41CCD16829FD19180002C143 /* _048LogicApp.swift in Sources */,
				41F5AB2329FE580B00D34265 /* GameOverView.swift in Sources */,
				41CCD17629FD237C0002C143 /* GameModel.swift in Sources */,
			);
			runOnlyForDeploymentPostprocessing = 0;
		};
/* End PBXSourcesBuildPhase section */

/* Begin XCBuildConfiguration section */
		41CCD17029FD19190002C143 /* Debug */ = {
			isa = XCBuildConfiguration;
			buildSettings = {
				ALWAYS_SEARCH_USER_PATHS = NO;
				CLANG_ANALYZER_NONNULL = YES;
				CLANG_ANALYZER_NUMBER_OBJECT_CONVERSION = YES_AGGRESSIVE;
				CLANG_CXX_LANGUAGE_STANDARD = "gnu++20";
				CLANG_ENABLE_MODULES = YES;
				CLANG_ENABLE_OBJC_ARC = YES;
				CLANG_ENABLE_OBJC_WEAK = YES;
				CLANG_WARN_BLOCK_CAPTURE_AUTORELEASING = YES;
				CLANG_WARN_BOOL_CONVERSION = YES;
				CLANG_WARN_COMMA = YES;
				CLANG_WARN_CONSTANT_CONVERSION = YES;
				CLANG_WARN_DEPRECATED_OBJC_IMPLEMENTATIONS = YES;
				CLANG_WARN_DIRECT_OBJC_ISA_USAGE = YES_ERROR;
				CLANG_WARN_DOCUMENTATION_COMMENTS = YES;
				CLANG_WARN_EMPTY_BODY = YES;
				CLANG_WARN_ENUM_CONVERSION = YES;
				CLANG_WARN_INFINITE_RECURSION = YES;
				CLANG_WARN_INT_CONVERSION = YES;
				CLANG_WARN_NON_LITERAL_NULL_CONVERSION = YES;
				CLANG_WARN_OBJC_IMPLICIT_RETAIN_SELF = YES;
				CLANG_WARN_OBJC_LITERAL_CONVERSION = YES;
				CLANG_WARN_OBJC_ROOT_CLASS = YES_ERROR;
				CLANG_WARN_QUOTED_INCLUDE_IN_FRAMEWORK_HEADER = YES;
				CLANG_WARN_RANGE_LOOP_ANALYSIS = YES;
				CLANG_WARN_STRICT_PROTOTYPES = YES;
				CLANG_WARN_SUSPICIOUS_MOVE = YES;
				CLANG_WARN_UNGUARDED_AVAILABILITY = YES_AGGRESSIVE;
				CLANG_WARN_UNREACHABLE_CODE = YES;
				CLANG_WARN__DUPLICATE_METHOD_MATCH = YES;
				COPY_PHASE_STRIP = NO;
				DEBUG_INFORMATION_FORMAT = dwarf;
				ENABLE_STRICT_OBJC_MSGSEND = YES;
				ENABLE_TESTABILITY = YES;
				GCC_C_LANGUAGE_STANDARD = gnu11;
				GCC_DYNAMIC_NO_PIC = NO;
				GCC_NO_COMMON_BLOCKS = YES;
				GCC_OPTIMIZATION_LEVEL = 0;
				GCC_PREPROCESSOR_DEFINITIONS = (
					"DEBUG=1",
					"$(inherited)",
				);
				GCC_WARN_64_TO_32_BIT_CONVERSION = YES;
				GCC_WARN_ABOUT_RETURN_TYPE = YES_ERROR;
				GCC_WARN_UNDECLARED_SELECTOR = YES;
				GCC_WARN_UNINITIALIZED_AUTOS = YES_AGGRESSIVE;
				GCC_WARN_UNUSED_FUNCTION = YES;
				GCC_WARN_UNUSED_VARIABLE = YES;
				IPHONEOS_DEPLOYMENT_TARGET = 16.1;
				MTL_ENABLE_DEBUG_INFO = INCLUDE_SOURCE;
				MTL_FAST_MATH = YES;
				ONLY_ACTIVE_ARCH = YES;
				SDKROOT = iphoneos;
				SWIFT_ACTIVE_COMPILATION_CONDITIONS = DEBUG;
				SWIFT_OPTIMIZATION_LEVEL = "-Onone";
			};
			name = Debug;
		};
		41CCD17129FD19190002C143 /* Release */ = {
			isa = XCBuildConfiguration;
			buildSettings = {
				ALWAYS_SEARCH_USER_PATHS = NO;
				CLANG_ANALYZER_NONNULL = YES;
				CLANG_ANALYZER_NUMBER_OBJECT_CONVERSION = YES_AGGRESSIVE;
				CLANG_CXX_LANGUAGE_STANDARD = "gnu++20";
				CLANG_ENABLE_MODULES = YES;
				CLANG_ENABLE_OBJC_ARC = YES;
				CLANG_ENABLE_OBJC_WEAK = YES;
				CLANG_WARN_BLOCK_CAPTURE_AUTORELEASING = YES;
				CLANG_WARN_BOOL_CONVERSION = YES;
				CLANG_WARN_COMMA = YES;
				CLANG_WARN_CONSTANT_CONVERSION = YES;
				CLANG_WARN_DEPRECATED_OBJC_IMPLEMENTATIONS = YES;
				CLANG_WARN_DIRECT_OBJC_ISA_USAGE = YES_ERROR;
				CLANG_WARN_DOCUMENTATION_COMMENTS = YES;
				CLANG_WARN_EMPTY_BODY = YES;
				CLANG_WARN_ENUM_CONVERSION = YES;
				CLANG_WARN_INFINITE_RECURSION = YES;
				CLANG_WARN_INT_CONVERSION = YES;
				CLANG_WARN_NON_LITERAL_NULL_CONVERSION = YES;
				CLANG_WARN_OBJC_IMPLICIT_RETAIN_SELF = YES;
				CLANG_WARN_OBJC_LITERAL_CONVERSION = YES;
				CLANG_WARN_OBJC_ROOT_CLASS = YES_ERROR;
				CLANG_WARN_QUOTED_INCLUDE_IN_FRAMEWORK_HEADER = YES;
				CLANG_WARN_RANGE_LOOP_ANALYSIS = YES;
				CLANG_WARN_STRICT_PROTOTYPES = YES;
				CLANG_WARN_SUSPICIOUS_MOVE = YES;
				CLANG_WARN_UNGUARDED_AVAILABILITY = YES_AGGRESSIVE;
				CLANG_WARN_UNREACHABLE_CODE = YES;
				CLANG_WARN__DUPLICATE_METHOD_MATCH = YES;
				COPY_PHASE_STRIP = NO;
				DEBUG_INFORMATION_FORMAT = "dwarf-with-dsym";
				ENABLE_NS_ASSERTIONS = NO;
				ENABLE_STRICT_OBJC_MSGSEND = YES;
				GCC_C_LANGUAGE_STANDARD = gnu11;
				GCC_NO_COMMON_BLOCKS = YES;
				GCC_WARN_64_TO_32_BIT_CONVERSION = YES;
				GCC_WARN_ABOUT_RETURN_TYPE = YES_ERROR;
				GCC_WARN_UNDECLARED_SELECTOR = YES;
				GCC_WARN_UNINITIALIZED_AUTOS = YES_AGGRESSIVE;
				GCC_WARN_UNUSED_FUNCTION = YES;
				GCC_WARN_UNUSED_VARIABLE = YES;
				IPHONEOS_DEPLOYMENT_TARGET = 16.1;
				MTL_ENABLE_DEBUG_INFO = NO;
				MTL_FAST_MATH = YES;
				SDKROOT = iphoneos;
				SWIFT_COMPILATION_MODE = wholemodule;
				SWIFT_OPTIMIZATION_LEVEL = "-O";
				VALIDATE_PRODUCT = YES;
			};
			name = Release;
		};
		41CCD17329FD19190002C143 /* Debug */ = {
			isa = XCBuildConfiguration;
			buildSettings = {
				ASSETCATALOG_COMPILER_APPICON_NAME = AppIcon;
				ASSETCATALOG_COMPILER_GLOBAL_ACCENT_COLOR_NAME = AccentColor;
				CODE_SIGN_STYLE = Automatic;
				CURRENT_PROJECT_VERSION = 1;
				DEVELOPMENT_ASSET_PATHS = "\"2048Logic/Preview Content\"";
				DEVELOPMENT_TEAM = 8BB3UWB5NY;
				ENABLE_PREVIEWS = YES;
				GENERATE_INFOPLIST_FILE = YES;
				INFOPLIST_KEY_UIApplicationSceneManifest_Generation = YES;
				INFOPLIST_KEY_UIApplicationSupportsIndirectInputEvents = YES;
				INFOPLIST_KEY_UILaunchScreen_Generation = YES;
				INFOPLIST_KEY_UISupportedInterfaceOrientations_iPad = "UIInterfaceOrientationPortrait UIInterfaceOrientationPortraitUpsideDown UIInterfaceOrientationLandscapeLeft UIInterfaceOrientationLandscapeRight";
				INFOPLIST_KEY_UISupportedInterfaceOrientations_iPhone = "UIInterfaceOrientationPortrait UIInterfaceOrientationLandscapeLeft UIInterfaceOrientationLandscapeRight";
				LD_RUNPATH_SEARCH_PATHS = (
					"$(inherited)",
					"@executable_path/Frameworks",
				);
				MARKETING_VERSION = 1.0;
				PRODUCT_BUNDLE_IDENTIFIER = "com.ali.-048Logic";
				PRODUCT_NAME = "$(TARGET_NAME)";
				SWIFT_EMIT_LOC_STRINGS = YES;
				SWIFT_VERSION = 5.0;
				TARGETED_DEVICE_FAMILY = "1,2";
			};
			name = Debug;
		};
		41CCD17429FD19190002C143 /* Release */ = {
			isa = XCBuildConfiguration;
			buildSettings = {
				ASSETCATALOG_COMPILER_APPICON_NAME = AppIcon;
				ASSETCATALOG_COMPILER_GLOBAL_ACCENT_COLOR_NAME = AccentColor;
				CODE_SIGN_STYLE = Automatic;
				CURRENT_PROJECT_VERSION = 1;
				DEVELOPMENT_ASSET_PATHS = "\"2048Logic/Preview Content\"";
				DEVELOPMENT_TEAM = 8BB3UWB5NY;
				ENABLE_PREVIEWS = YES;
				GENERATE_INFOPLIST_FILE = YES;
				INFOPLIST_KEY_UIApplicationSceneManifest_Generation = YES;
				INFOPLIST_KEY_UIApplicationSupportsIndirectInputEvents = YES;
				INFOPLIST_KEY_UILaunchScreen_Generation = YES;
				INFOPLIST_KEY_UISupportedInterfaceOrientations_iPad = "UIInterfaceOrientationPortrait UIInterfaceOrientationPortraitUpsideDown UIInterfaceOrientationLandscapeLeft UIInterfaceOrientationLandscapeRight";
				INFOPLIST_KEY_UISupportedInterfaceOrientations_iPhone = "UIInterfaceOrientationPortrait UIInterfaceOrientationLandscapeLeft UIInterfaceOrientationLandscapeRight";
				LD_RUNPATH_SEARCH_PATHS = (
					"$(inherited)",
					"@executable_path/Frameworks",
				);
				MARKETING_VERSION = 1.0;
				PRODUCT_BUNDLE_IDENTIFIER = "com.ali.-048Logic";
				PRODUCT_NAME = "$(TARGET_NAME)";
				SWIFT_EMIT_LOC_STRINGS = YES;
				SWIFT_VERSION = 5.0;
				TARGETED_DEVICE_FAMILY = "1,2";
			};
			name = Release;
		};
/* End XCBuildConfiguration section */

/* Begin XCConfigurationList section */
		41CCD15F29FD19180002C143 /* Build configuration list for PBXProject "2048Logic" */ = {
			isa = XCConfigurationList;
			buildConfigurations = (
				41CCD17029FD19190002C143 /* Debug */,
				41CCD17129FD19190002C143 /* Release */,
			);
			defaultConfigurationIsVisible = 0;
			defaultConfigurationName = Release;
		};
		41CCD17229FD19190002C143 /* Build configuration list for PBXNativeTarget "2048Logic" */ = {
			isa = XCConfigurationList;
			buildConfigurations = (
				41CCD17329FD19190002C143 /* Debug */,
				41CCD17429FD19190002C143 /* Release */,
			);
			defaultConfigurationIsVisible = 0;
			defaultConfigurationName = Release;
		};
/* End XCConfigurationList section */
	};
	rootObject = 41CCD15C29FD19180002C143 /* Project object */;
}
